{
    "hash": "a8dc55f1ed80cadac4b9b75bc675fec7",
    "packages": [
        {
            "package": "modern/zf1-lib",
            "version": "dev-latest",
            "source-reference": "5abd764576073fbad2fcb969498a1ab7b7a82a67",
            "commit-date": "1346423707"
        },
        {
            "package": "zendframework/zendframework1",
            "version": "1.12.0"
        }
    ],
    "packages-dev": null,
    "aliases": [

    ],
    "minimum-stability": "stable",
    "stability-flags": {
        "modern/zf1-lib": 20
    }
}
