{
    "_readme": [
        "This file locks the dependencies of your project to a known state",
        "Read more about it at http://getcomposer.org/doc/01-basic-usage.md#composer-lock-the-lock-file"
    ],
    "hash": "76af40afe2984a58f27645c36aaad049",
    "packages": [
        {
            "name": "modern/zf1-lib",
            "version": "dev-latest",
            "source": {
                "type": "git",
                "url": "https://github.com/rafalgalka/zf1-lib.git",
                "reference": "8e77ab04a1d67de0ee0f15fedefc90c4564e9423"
            },
            "dist": {
                "type": "zip",
                "url": "https://api.github.com/repos/rafalgalka/zf1-lib/zipball/8e77ab04a1d67de0ee0f15fedefc90c4564e9423",
                "reference": "8e77ab04a1d67de0ee0f15fedefc90c4564e9423",
                "shasum": ""
            },
            "require": {
                "php": ">=5.2.4"
            },
            "type": "library",
            "autoload": {
                "psr-0": {
                    "Modern": "library/"
                }
            },
            "notification-url": "https://packagist.org/downloads/",
            "include-path": [
                "library/"
            ],
            "license": [
                "BSD-3-Clause"
            ],
            "authors": [
                {
                    "name": "Rafał Gałka",
                    "email": "rafal.galka@modernweb.pl",
                    "homepage": "http://blog.modernweb.pl/"
                }
            ],
            "description": "Collection of classes/components which extend or supplement Zend Framework 1.x",
            "keywords": [
                "ZF1",
                "Zend Framework",
                "zend"
            ],
            "time": "2014-04-28 19:07:42"
        },
        {
            "name": "zendframework/zendframework1",
            "version": "1.12.3",
            "source": {
                "type": "git",
                "url": "https://github.com/zendframework/zf1.git",
                "reference": "3e31137181d121d03cb1117fd95b07027cfa4bea"
            },
            "dist": {
                "type": "zip",
                "url": "https://api.github.com/repos/zendframework/zf1/zipball/3e31137181d121d03cb1117fd95b07027cfa4bea",
                "reference": "3e31137181d121d03cb1117fd95b07027cfa4bea",
                "shasum": ""
            },
            "require": {
                "php": ">=5.2.11"
            },
            "type": "library",
            "extra": {
                "branch-alias": {
                    "dev-trunk": "1.12.x-dev",
                    "dev-release-1.0": "1.0.x-dev",
                    "dev-release-1.5": "1.5.x-dev",
                    "dev-release-1.6": "1.6.x-dev",
                    "dev-release-1.7": "1.7.x-dev",
                    "dev-release-1.8": "1.8.x-dev",
                    "dev-release-1.9": "1.9.x-dev",
                    "dev-release-1.10": "1.10.x-dev",
                    "dev-release-1.11": "1.11.x-dev"
                }
            },
            "autoload": {
                "psr-0": {
                    "Zend": "library/"
                }
            },
            "notification-url": "https://packagist.org/downloads/",
            "include-path": [
                "library/"
            ],
            "license": [
                "BSD-3-Clause"
            ],
            "description": "Zend Framework 1",
            "homepage": "http://framework.zend.com/",
            "keywords": [
                "ZF1",
                "framework"
            ],
            "time": "2013-03-13 16:53:12"
        }
    ],
    "packages-dev": [

    ],
    "aliases": [

    ],
    "minimum-stability": "stable",
    "stability-flags": {
        "modern/zf1-lib": 20
    },
    "platform": [

    ],
    "platform-dev": [

    ]
}
